Microsoft Visual Studio Solution File, Format Version 11.00
# Visual Studio 2008

Project("{6388D730-AE01-652E-6ECF-D215742DC339}") = "Lecture-1-v2", "Assembly-CSharp-vs.csproj", "{F504433D-DC7B-BE05-F61D-96EC658B1643}"
EndProject
Project("{6388D730-AE01-652E-6ECF-D215742DC339}") = "Lecture-1-v2", "Assembly-CSharp-Editor-vs.csproj", "{150D7404-3AB9-D2EC-CFD9-FA0705EF7896}"
EndProject
Global
	GlobalSection(SolutionConfigurationPlatforms) = preSolution
		Debug|Any CPU = Debug|Any CPU
		Release|Any CPU = Release|Any CPU
	EndGlobalSection
	GlobalSection(ProjectConfigurationPlatforms) = postSolution
		{F504433D-DC7B-BE05-F61D-96EC658B1643}.Debug|Any CPU.ActiveCfg = Debug|Any CPU
		{F504433D-DC7B-BE05-F61D-96EC658B1643}.Debug|Any CPU.Build.0 = Debug|Any CPU
		{F504433D-DC7B-BE05-F61D-96EC658B1643}.Release|Any CPU.ActiveCfg = Release|Any CPU
		{F504433D-DC7B-BE05-F61D-96EC658B1643}.Release|Any CPU.Build.0 = Release|Any CPU
		{150D7404-3AB9-D2EC-CFD9-FA0705EF7896}.Debug|Any CPU.ActiveCfg = Debug|Any CPU
		{150D7404-3AB9-D2EC-CFD9-FA0705EF7896}.Debug|Any CPU.Build.0 = Debug|Any CPU
		{150D7404-3AB9-D2EC-CFD9-FA0705EF7896}.Release|Any CPU.ActiveCfg = Release|Any CPU
		{150D7404-3AB9-D2EC-CFD9-FA0705EF7896}.Release|Any CPU.Build.0 = Release|Any CPU
	EndGlobalSection
	GlobalSection(SolutionProperties) = preSolution
		HideSolutionNode = FALSE
	EndGlobalSection
																													GlobalSection(MonoDevelopProperties) = preSolution
		StartupItem = Assembly-CSharp.csproj
		Policies = $0
		$0.TextStylePolicy = $1
		$1.inheritsSet = null
		$1.scope = text/x-csharp
		$0.CSharpFormattingPolicy = $2
		$2.inheritsSet = Mono
		$2.inheritsScope = text/x-csharp
		$2.scope = text/x-csharp
		$0.TextStylePolicy = $3
		$3.FileWidth = 120
		$3.TabWidth = 4
		$3.IndentWidth = 4
		$3.EolMarker = Unix
		$3.inheritsSet = Mono
		$3.inheritsScope = text/plain
		$3.scope = text/plain
	EndGlobalSection

EndGlobal
